
Microsoft Visual Studio Solution File, Format Version 12.00
# Visual Studio 15
VisualStudioVersion = 15.0.27703.2026
MinimumVisualStudioVersion = 10.0.40219.1
Project("{FAE04EC0-301F-11D3-BF4B-00C04F79EFBC}") = "LTI.LeadsManagement", "LTI.LeadsManagement\LTI.LeadsManagement.csproj", "{A9370525-1D7A-4674-9D7E-E42550037670}"
EndProject
Project("{FAE04EC0-301F-11D3-BF4B-00C04F79EFBC}") = "LTI.LeadsManagement.Import", "companySVC\LTI.LeadsManagement.Import.csproj", "{8EA5B198-3040-42F2-BFC5-5D05206C17D9}"
EndProject
Project("{FAE04EC0-301F-11D3-BF4B-00C04F79EFBC}") = "LTI.LeadsManagement.Import1", "LTI.LeadsManagement.Import1\LTI.LeadsManagement.Import1.csproj", "{7828040E-5130-48C8-8A6D-2D2862301E13}"
EndProject
Global
	GlobalSection(SolutionConfigurationPlatforms) = preSolution
		Debug|Any CPU = Debug|Any CPU
		Release|Any CPU = Release|Any CPU
	EndGlobalSection
	GlobalSection(ProjectConfigurationPlatforms) = postSolution
		{A9370525-1D7A-4674-9D7E-E42550037670}.Debug|Any CPU.ActiveCfg = Debug|Any CPU
		{A9370525-1D7A-4674-9D7E-E42550037670}.Debug|Any CPU.Build.0 = Debug|Any CPU
		{A9370525-1D7A-4674-9D7E-E42550037670}.Debug|Any CPU.Deploy.0 = Debug|Any CPU
		{A9370525-1D7A-4674-9D7E-E42550037670}.Release|Any CPU.ActiveCfg = Release|Any CPU
		{A9370525-1D7A-4674-9D7E-E42550037670}.Release|Any CPU.Build.0 = Release|Any CPU
		{A9370525-1D7A-4674-9D7E-E42550037670}.Release|Any CPU.Deploy.0 = Release|Any CPU
		{8EA5B198-3040-42F2-BFC5-5D05206C17D9}.Debug|Any CPU.ActiveCfg = Debug|Any CPU
		{8EA5B198-3040-42F2-BFC5-5D05206C17D9}.Debug|Any CPU.Build.0 = Debug|Any CPU
		{8EA5B198-3040-42F2-BFC5-5D05206C17D9}.Release|Any CPU.ActiveCfg = Release|Any CPU
		{8EA5B198-3040-42F2-BFC5-5D05206C17D9}.Release|Any CPU.Build.0 = Release|Any CPU
		{7828040E-5130-48C8-8A6D-2D2862301E13}.Debug|Any CPU.ActiveCfg = Debug|Any CPU
		{7828040E-5130-48C8-8A6D-2D2862301E13}.Debug|Any CPU.Build.0 = Debug|Any CPU
		{7828040E-5130-48C8-8A6D-2D2862301E13}.Release|Any CPU.ActiveCfg = Release|Any CPU
		{7828040E-5130-48C8-8A6D-2D2862301E13}.Release|Any CPU.Build.0 = Release|Any CPU
	EndGlobalSection
	GlobalSection(SolutionProperties) = preSolution
		HideSolutionNode = FALSE
	EndGlobalSection
	GlobalSection(ExtensibilityGlobals) = postSolution
		SolutionGuid = {D78C0D16-67DF-49D7-B2C3-4FBBDA4D2BE9}
	EndGlobalSection
EndGlobal
